
Microsoft Visual Studio Solution File, Format Version 12.00
# Visual Studio Version 17
VisualStudioVersion = 17.0.32014.148
MinimumVisualStudioVersion = 10.0.40219.1
Project("{9A19103F-16F7-4668-BE54-9A1E7A4F7556}") = "DalFacade", "DalFacade\DalFacade.csproj", "{6FD3CD77-C99C-4F13-A5C4-015DF0D8ED6E}"
EndProject
Project("{9A19103F-16F7-4668-BE54-9A1E7A4F7556}") = "DalList", "DalList\DalList.csproj", "{539B523F-A006-4222-807A-274924AFF3D3}"
EndProject
Project("{9A19103F-16F7-4668-BE54-9A1E7A4F7556}") = "DalTest", "DalTest\DalTest.csproj", "{22576264-2048-4E9F-BCDC-527B9FF8EB0B}"
EndProject
Project("{9A19103F-16F7-4668-BE54-9A1E7A4F7556}") = "BL", "BL\BL.csproj", "{F545E359-20FD-4B0A-B250-3E4F7708B885}"
EndProject
Project("{9A19103F-16F7-4668-BE54-9A1E7A4F7556}") = "BlTest", "BlTest\BlTest.csproj", "{A1986F5B-D04D-44BC-B4E8-D88D1D3FC11C}"
EndProject
Project("{FAE04EC0-301F-11D3-BF4B-00C04F79EFBC}") = "PL", "PL\PL.csproj", "{5F61D3D0-F9D9-41F5-991E-9D3547118F49}"
EndProject
Global
	GlobalSection(SolutionConfigurationPlatforms) = preSolution
		Debug|Any CPU = Debug|Any CPU
		Release|Any CPU = Release|Any CPU
	EndGlobalSection
	GlobalSection(ProjectConfigurationPlatforms) = postSolution
		{6FD3CD77-C99C-4F13-A5C4-015DF0D8ED6E}.Debug|Any CPU.ActiveCfg = Debug|Any CPU
		{6FD3CD77-C99C-4F13-A5C4-015DF0D8ED6E}.Debug|Any CPU.Build.0 = Debug|Any CPU
		{6FD3CD77-C99C-4F13-A5C4-015DF0D8ED6E}.Release|Any CPU.ActiveCfg = Release|Any CPU
		{6FD3CD77-C99C-4F13-A5C4-015DF0D8ED6E}.Release|Any CPU.Build.0 = Release|Any CPU
		{539B523F-A006-4222-807A-274924AFF3D3}.Debug|Any CPU.ActiveCfg = Debug|Any CPU
		{539B523F-A006-4222-807A-274924AFF3D3}.Debug|Any CPU.Build.0 = Debug|Any CPU
		{539B523F-A006-4222-807A-274924AFF3D3}.Release|Any CPU.ActiveCfg = Release|Any CPU
		{539B523F-A006-4222-807A-274924AFF3D3}.Release|Any CPU.Build.0 = Release|Any CPU
		{22576264-2048-4E9F-BCDC-527B9FF8EB0B}.Debug|Any CPU.ActiveCfg = Debug|Any CPU
		{22576264-2048-4E9F-BCDC-527B9FF8EB0B}.Debug|Any CPU.Build.0 = Debug|Any CPU
		{22576264-2048-4E9F-BCDC-527B9FF8EB0B}.Release|Any CPU.ActiveCfg = Release|Any CPU
		{22576264-2048-4E9F-BCDC-527B9FF8EB0B}.Release|Any CPU.Build.0 = Release|Any CPU
		{F545E359-20FD-4B0A-B250-3E4F7708B885}.Debug|Any CPU.ActiveCfg = Debug|Any CPU
		{F545E359-20FD-4B0A-B250-3E4F7708B885}.Debug|Any CPU.Build.0 = Debug|Any CPU
		{F545E359-20FD-4B0A-B250-3E4F7708B885}.Release|Any CPU.ActiveCfg = Release|Any CPU
		{F545E359-20FD-4B0A-B250-3E4F7708B885}.Release|Any CPU.Build.0 = Release|Any CPU
		{A1986F5B-D04D-44BC-B4E8-D88D1D3FC11C}.Debug|Any CPU.ActiveCfg = Debug|Any CPU
		{A1986F5B-D04D-44BC-B4E8-D88D1D3FC11C}.Debug|Any CPU.Build.0 = Debug|Any CPU
		{A1986F5B-D04D-44BC-B4E8-D88D1D3FC11C}.Release|Any CPU.ActiveCfg = Release|Any CPU
		{A1986F5B-D04D-44BC-B4E8-D88D1D3FC11C}.Release|Any CPU.Build.0 = Release|Any CPU
		{5F61D3D0-F9D9-41F5-991E-9D3547118F49}.Debug|Any CPU.ActiveCfg = Debug|Any CPU
		{5F61D3D0-F9D9-41F5-991E-9D3547118F49}.Debug|Any CPU.Build.0 = Debug|Any CPU
		{5F61D3D0-F9D9-41F5-991E-9D3547118F49}.Release|Any CPU.ActiveCfg = Release|Any CPU
		{5F61D3D0-F9D9-41F5-991E-9D3547118F49}.Release|Any CPU.Build.0 = Release|Any CPU
	EndGlobalSection
	GlobalSection(SolutionProperties) = preSolution
		HideSolutionNode = FALSE
	EndGlobalSection
	GlobalSection(ExtensibilityGlobals) = postSolution
		SolutionGuid = {C08721B7-0792-4E5A-B1D1-7B5ED19984F4}
	EndGlobalSection
EndGlobal
